
Microsoft Visual Studio Solution File, Format Version 12.00
# Visual Studio Version 17
VisualStudioVersion = 17.7.34031.279
MinimumVisualStudioVersion = 10.0.40219.1
Project("{FAE04EC0-301F-11D3-BF4B-00C04F79EFBC}") = "Delegates", "Delegates\Delegates.csproj", "{57471C3B-1E35-4D7A-9D85-6601D0B011C9}"
EndProject
Project("{FAE04EC0-301F-11D3-BF4B-00C04F79EFBC}") = "DogMaster", "DogMaster\DogMaster.csproj", "{C5120B03-E29D-4B4E-96F5-A975C49B261F}"
EndProject
Global
	GlobalSection(SolutionConfigurationPlatforms) = preSolution
		Debug|Any CPU = Debug|Any CPU
		Release|Any CPU = Release|Any CPU
	EndGlobalSection
	GlobalSection(ProjectConfigurationPlatforms) = postSolution
		{57471C3B-1E35-4D7A-9D85-6601D0B011C9}.Debug|Any CPU.ActiveCfg = Debug|Any CPU
		{57471C3B-1E35-4D7A-9D85-6601D0B011C9}.Debug|Any CPU.Build.0 = Debug|Any CPU
		{57471C3B-1E35-4D7A-9D85-6601D0B011C9}.Release|Any CPU.ActiveCfg = Release|Any CPU
		{57471C3B-1E35-4D7A-9D85-6601D0B011C9}.Release|Any CPU.Build.0 = Release|Any CPU
		{C5120B03-E29D-4B4E-96F5-A975C49B261F}.Debug|Any CPU.ActiveCfg = Debug|Any CPU
		{C5120B03-E29D-4B4E-96F5-A975C49B261F}.Debug|Any CPU.Build.0 = Debug|Any CPU
		{C5120B03-E29D-4B4E-96F5-A975C49B261F}.Release|Any CPU.ActiveCfg = Release|Any CPU
		{C5120B03-E29D-4B4E-96F5-A975C49B261F}.Release|Any CPU.Build.0 = Release|Any CPU
	EndGlobalSection
	GlobalSection(SolutionProperties) = preSolution
		HideSolutionNode = FALSE
	EndGlobalSection
	GlobalSection(ExtensibilityGlobals) = postSolution
		SolutionGuid = {89BAEA0D-F021-406C-B70B-485FFC426EC8}
	EndGlobalSection
EndGlobal
